// !$*UTF8*$!
{
	archiveVersion = 1;
	classes = {
	};
	objectVersion = 55;
	objects = {

/* Begin PBXBuildFile section */
		78A2084B28E3E58E00F5BD6A /* CreationViewController.swift in Sources */ = {isa = PBXBuildFile; fileRef = 78A2084A28E3E58E00F5BD6A /* CreationViewController.swift */; };
		78B71E2528D17068002003D9 /* AppDelegate.swift in Sources */ = {isa = PBXBuildFile; fileRef = 78B71E2428D17068002003D9 /* AppDelegate.swift */; };
		78B71E2728D17068002003D9 /* SceneDelegate.swift in Sources */ = {isa = PBXBuildFile; fileRef = 78B71E2628D17068002003D9 /* SceneDelegate.swift */; };
		78B71E2928D17068002003D9 /* ViewController.swift in Sources */ = {isa = PBXBuildFile; fileRef = 78B71E2828D17068002003D9 /* ViewController.swift */; };
		78B71E2C28D17068002003D9 /* Main.storyboard in Resources */ = {isa = PBXBuildFile; fileRef = 78B71E2A28D17068002003D9 /* Main.storyboard */; };
		78B71E2E28D1706B002003D9 /* Assets.xcassets in Resources */ = {isa = PBXBuildFile; fileRef = 78B71E2D28D1706B002003D9 /* Assets.xcassets */; };
		78B71E3128D1706B002003D9 /* LaunchScreen.storyboard in Resources */ = {isa = PBXBuildFile; fileRef = 78B71E2F28D1706B002003D9 /* LaunchScreen.storyboard */; };
		78B71E3C28D1706B002003D9 /* FlashcardsTests.swift in Sources */ = {isa = PBXBuildFile; fileRef = 78B71E3B28D1706B002003D9 /* FlashcardsTests.swift */; };
		78B71E4628D1706C002003D9 /* FlashcardsUITests.swift in Sources */ = {isa = PBXBuildFile; fileRef = 78B71E4528D1706C002003D9 /* FlashcardsUITests.swift */; };
		78B71E4828D1706C002003D9 /* FlashcardsUITestsLaunchTests.swift in Sources */ = {isa = PBXBuildFile; fileRef = 78B71E4728D1706C002003D9 /* FlashcardsUITestsLaunchTests.swift */; };
		78B8A76228F4F7D70055E764 /* ViewController.swift in Sources */ = {isa = PBXBuildFile; fileRef = 78B71E2828D17068002003D9 /* ViewController.swift */; };
		78B8A76328F4F7D80055E764 /* ViewController.swift in Sources */ = {isa = PBXBuildFile; fileRef = 78B71E2828D17068002003D9 /* ViewController.swift */; };
/* End PBXBuildFile section */

/* Begin PBXContainerItemProxy section */
		78B71E3828D1706B002003D9 /* PBXContainerItemProxy */ = {
			isa = PBXContainerItemProxy;
			containerPortal = 78B71E1928D17068002003D9 /* Project object */;
			proxyType = 1;
			remoteGlobalIDString = 78B71E2028D17068002003D9;
			remoteInfo = Flashcards;
		};
		78B71E4228D1706C002003D9 /* PBXContainerItemProxy */ = {
			isa = PBXContainerItemProxy;
			containerPortal = 78B71E1928D17068002003D9 /* Project object */;
			proxyType = 1;
			remoteGlobalIDString = 78B71E2028D17068002003D9;
			remoteInfo = Flashcards;
		};
/* End PBXContainerItemProxy section */

/* Begin PBXFileReference section */
		78A2084A28E3E58E00F5BD6A /* CreationViewController.swift */ = {isa = PBXFileReference; lastKnownFileType = sourcecode.swift; path = CreationViewController.swift; sourceTree = "<group>"; };
		78B71E2128D17068002003D9 /* Flashcards.app */ = {isa = PBXFileReference; explicitFileType = wrapper.application; includeInIndex = 0; path = Flashcards.app; sourceTree = BUILT_PRODUCTS_DIR; };
		78B71E2428D17068002003D9 /* AppDelegate.swift */ = {isa = PBXFileReference; lastKnownFileType = sourcecode.swift; path = AppDelegate.swift; sourceTree = "<group>"; };
		78B71E2628D17068002003D9 /* SceneDelegate.swift */ = {isa = PBXFileReference; lastKnownFileType = sourcecode.swift; path = SceneDelegate.swift; sourceTree = "<group>"; };
		78B71E2828D17068002003D9 /* ViewController.swift */ = {isa = PBXFileReference; lastKnownFileType = sourcecode.swift; path = ViewController.swift; sourceTree = "<group>"; };
		78B71E2B28D17068002003D9 /* Base */ = {isa = PBXFileReference; lastKnownFileType = file.storyboard; name = Base; path = Base.lproj/Main.storyboard; sourceTree = "<group>"; };
		78B71E2D28D1706B002003D9 /* Assets.xcassets */ = {isa = PBXFileReference; lastKnownFileType = folder.assetcatalog; path = Assets.xcassets; sourceTree = "<group>"; };
		78B71E3028D1706B002003D9 /* Base */ = {isa = PBXFileReference; lastKnownFileType = file.storyboard; name = Base; path = Base.lproj/LaunchScreen.storyboard; sourceTree = "<group>"; };
		78B71E3228D1706B002003D9 /* Info.plist */ = {isa = PBXFileReference; lastKnownFileType = text.plist.xml; path = Info.plist; sourceTree = "<group>"; };
		78B71E3728D1706B002003D9 /* FlashcardsTests.xctest */ = {isa = PBXFileReference; explicitFileType = wrapper.cfbundle; includeInIndex = 0; path = FlashcardsTests.xctest; sourceTree = BUILT_PRODUCTS_DIR; };
		78B71E3B28D1706B002003D9 /* FlashcardsTests.swift */ = {isa = PBXFileReference; lastKnownFileType = sourcecode.swift; path = FlashcardsTests.swift; sourceTree = "<group>"; };
		78B71E4128D1706C002003D9 /* FlashcardsUITests.xctest */ = {isa = PBXFileReference; explicitFileType = wrapper.cfbundle; includeInIndex = 0; path = FlashcardsUITests.xctest; sourceTree = BUILT_PRODUCTS_DIR; };
		78B71E4528D1706C002003D9 /* FlashcardsUITests.swift */ = {isa = PBXFileReference; lastKnownFileType = sourcecode.swift; path = FlashcardsUITests.swift; sourceTree = "<group>"; };
		78B71E4728D1706C002003D9 /* FlashcardsUITestsLaunchTests.swift */ = {isa = PBXFileReference; lastKnownFileType = sourcecode.swift; path = FlashcardsUITestsLaunchTests.swift; sourceTree = "<group>"; };
/* End PBXFileReference section */

/* Begin PBXFrameworksBuildPhase section */
		78B71E1E28D17068002003D9 /* Frameworks */ = {
			isa = PBXFrameworksBuildPhase;
			buildActionMask = 2147483647;
			files = (
			);
			runOnlyForDeploymentPostprocessing = 0;
		};
		78B71E3428D1706B002003D9 /* Frameworks */ = {
			isa = PBXFrameworksBuildPhase;
			buildActionMask = 2147483647;
			files = (
			);
			runOnlyForDeploymentPostprocessing = 0;
		};
		78B71E3E28D1706C002003D9 /* Frameworks */ = {
			isa = PBXFrameworksBuildPhase;
			buildActionMask = 2147483647;
			files = (
			);
			runOnlyForDeploymentPostprocessing = 0;
		};
/* End PBXFrameworksBuildPhase section */

/* Begin PBXGroup section */
		78B71E1828D17068002003D9 = {
			isa = PBXGroup;
			children = (
				78B71E2328D17068002003D9 /* Flashcards */,
				78B71E3A28D1706B002003D9 /* FlashcardsTests */,
				78B71E4428D1706C002003D9 /* FlashcardsUITests */,
				78B71E2228D17068002003D9 /* Products */,
			);
			sourceTree = "<group>";
		};
		78B71E2228D17068002003D9 /* Products */ = {
			isa = PBXGroup;
			children = (
				78B71E2128D17068002003D9 /* Flashcards.app */,
				78B71E3728D1706B002003D9 /* FlashcardsTests.xctest */,
				78B71E4128D1706C002003D9 /* FlashcardsUITests.xctest */,
			);
			name = Products;
			sourceTree = "<group>";
		};
		78B71E2328D17068002003D9 /* Flashcards */ = {
			isa = PBXGroup;
			children = (
				78B71E2428D17068002003D9 /* AppDelegate.swift */,
				78B71E2628D17068002003D9 /* SceneDelegate.swift */,
				78B71E2828D17068002003D9 /* ViewController.swift */,
				78A2084A28E3E58E00F5BD6A /* CreationViewController.swift */,
				78B71E2A28D17068002003D9 /* Main.storyboard */,
				78B71E2D28D1706B002003D9 /* Assets.xcassets */,
				78B71E2F28D1706B002003D9 /* LaunchScreen.storyboard */,
				78B71E3228D1706B002003D9 /* Info.plist */,
			);
			path = Flashcards;
			sourceTree = "<group>";
		};
		78B71E3A28D1706B002003D9 /* FlashcardsTests */ = {
			isa = PBXGroup;
			children = (
				78B71E3B28D1706B002003D9 /* FlashcardsTests.swift */,
			);
			path = FlashcardsTests;
			sourceTree = "<group>";
		};
		78B71E4428D1706C002003D9 /* FlashcardsUITests */ = {
			isa = PBXGroup;
			children = (
				78B71E4528D1706C002003D9 /* FlashcardsUITests.swift */,
				78B71E4728D1706C002003D9 /* FlashcardsUITestsLaunchTests.swift */,
			);
			path = FlashcardsUITests;
			sourceTree = "<group>";
		};
/* End PBXGroup section */

/* Begin PBXNativeTarget section */
		78B71E2028D17068002003D9 /* Flashcards */ = {
			isa = PBXNativeTarget;
			buildConfigurationList = 78B71E4B28D1706C002003D9 /* Build configuration list for PBXNativeTarget "Flashcards" */;
			buildPhases = (
				78B71E1D28D17068002003D9 /* Sources */,
				78B71E1E28D17068002003D9 /* Frameworks */,
				78B71E1F28D17068002003D9 /* Resources */,
			);
			buildRules = (
			);
			dependencies = (
			);
			name = Flashcards;
			productName = Flashcards;
			productReference = 78B71E2128D17068002003D9 /* Flashcards.app */;
			productType = "com.apple.product-type.application";
		};
		78B71E3628D1706B002003D9 /* FlashcardsTests */ = {
			isa = PBXNativeTarget;
			buildConfigurationList = 78B71E4E28D1706C002003D9 /* Build configuration list for PBXNativeTarget "FlashcardsTests" */;
			buildPhases = (
				78B71E3328D1706B002003D9 /* Sources */,
				78B71E3428D1706B002003D9 /* Frameworks */,
				78B71E3528D1706B002003D9 /* Resources */,
			);
			buildRules = (
			);
			dependencies = (
				78B71E3928D1706B002003D9 /* PBXTargetDependency */,
			);
			name = FlashcardsTests;
			productName = FlashcardsTests;
			productReference = 78B71E3728D1706B002003D9 /* FlashcardsTests.xctest */;
			productType = "com.apple.product-type.bundle.unit-test";
		};
		78B71E4028D1706C002003D9 /* FlashcardsUITests */ = {
			isa = PBXNativeTarget;
			buildConfigurationList = 78B71E5128D1706C002003D9 /* Build configuration list for PBXNativeTarget "FlashcardsUITests" */;
			buildPhases = (
				78B71E3D28D1706C002003D9 /* Sources */,
				78B71E3E28D1706C002003D9 /* Frameworks */,
				78B71E3F28D1706C002003D9 /* Resources */,
			);
			buildRules = (
			);
			dependencies = (
				78B71E4328D1706C002003D9 /* PBXTargetDependency */,
			);
			name = FlashcardsUITests;
			productName = FlashcardsUITests;
			productReference = 78B71E4128D1706C002003D9 /* FlashcardsUITests.xctest */;
			productType = "com.apple.product-type.bundle.ui-testing";
		};
/* End PBXNativeTarget section */

/* Begin PBXProject section */
		78B71E1928D17068002003D9 /* Project object */ = {
			isa = PBXProject;
			attributes = {
				BuildIndependentTargetsInParallel = 1;
				LastSwiftUpdateCheck = 1340;
				LastUpgradeCheck = 1340;
				TargetAttributes = {
					78B71E2028D17068002003D9 = {
						CreatedOnToolsVersion = 13.4.1;
					};
					78B71E3628D1706B002003D9 = {
						CreatedOnToolsVersion = 13.4.1;
						TestTargetID = 78B71E2028D17068002003D9;
					};
					78B71E4028D1706C002003D9 = {
						CreatedOnToolsVersion = 13.4.1;
						TestTargetID = 78B71E2028D17068002003D9;
					};
				};
			};
			buildConfigurationList = 78B71E1C28D17068002003D9 /* Build configuration list for PBXProject "Flashcards" */;
			compatibilityVersion = "Xcode 13.0";
			developmentRegion = en;
			hasScannedForEncodings = 0;
			knownRegions = (
				en,
				Base,
			);
			mainGroup = 78B71E1828D17068002003D9;
			productRefGroup = 78B71E2228D17068002003D9 /* Products */;
			projectDirPath = "";
			projectRoot = "";
			targets = (
				78B71E2028D17068002003D9 /* Flashcards */,
				78B71E3628D1706B002003D9 /* FlashcardsTests */,
				78B71E4028D1706C002003D9 /* FlashcardsUITests */,
			);
		};
/* End PBXProject section */

/* Begin PBXResourcesBuildPhase section */
		78B71E1F28D17068002003D9 /* Resources */ = {
			isa = PBXResourcesBuildPhase;
			buildActionMask = 2147483647;
			files = (
				78B71E3128D1706B002003D9 /* LaunchScreen.storyboard in Resources */,
				78B71E2E28D1706B002003D9 /* Assets.xcassets in Resources */,
				78B71E2C28D17068002003D9 /* Main.storyboard in Resources */,
			);
			runOnlyForDeploymentPostprocessing = 0;
		};
		78B71E3528D1706B002003D9 /* Resources */ = {
			isa = PBXResourcesBuildPhase;
			buildActionMask = 2147483647;
			files = (
			);
			runOnlyForDeploymentPostprocessing = 0;
		};
		78B71E3F28D1706C002003D9 /* Resources */ = {
			isa = PBXResourcesBuildPhase;
			buildActionMask = 2147483647;
			files = (
			);
			runOnlyForDeploymentPostprocessing = 0;
		};
/* End PBXResourcesBuildPhase section */

/* Begin PBXSourcesBuildPhase section */
		78B71E1D28D17068002003D9 /* Sources */ = {
			isa = PBXSourcesBuildPhase;
			buildActionMask = 2147483647;
			files = (
				78B71E2928D17068002003D9 /* ViewController.swift in Sources */,
				78B71E2528D17068002003D9 /* AppDelegate.swift in Sources */,
				78B71E2728D17068002003D9 /* SceneDelegate.swift in Sources */,
				78A2084B28E3E58E00F5BD6A /* CreationViewController.swift in Sources */,
			);
			runOnlyForDeploymentPostprocessing = 0;
		};
		78B71E3328D1706B002003D9 /* Sources */ = {
			isa = PBXSourcesBuildPhase;
			buildActionMask = 2147483647;
			files = (
				78B8A76328F4F7D80055E764 /* ViewController.swift in Sources */,
				78B71E3C28D1706B002003D9 /* FlashcardsTests.swift in Sources */,
			);
			runOnlyForDeploymentPostprocessing = 0;
		};
		78B71E3D28D1706C002003D9 /* Sources */ = {
			isa = PBXSourcesBuildPhase;
			buildActionMask = 2147483647;
			files = (
				78B8A76228F4F7D70055E764 /* ViewController.swift in Sources */,
				78B71E4628D1706C002003D9 /* FlashcardsUITests.swift in Sources */,
				78B71E4828D1706C002003D9 /* FlashcardsUITestsLaunchTests.swift in Sources */,
			);
			runOnlyForDeploymentPostprocessing = 0;
		};
/* End PBXSourcesBuildPhase section */

/* Begin PBXTargetDependency section */
		78B71E3928D1706B002003D9 /* PBXTargetDependency */ = {
			isa = PBXTargetDependency;
			target = 78B71E2028D17068002003D9 /* Flashcards */;
			targetProxy = 78B71E3828D1706B002003D9 /* PBXContainerItemProxy */;
		};
		78B71E4328D1706C002003D9 /* PBXTargetDependency */ = {
			isa = PBXTargetDependency;
			target = 78B71E2028D17068002003D9 /* Flashcards */;
			targetProxy = 78B71E4228D1706C002003D9 /* PBXContainerItemProxy */;
		};
/* End PBXTargetDependency section */

/* Begin PBXVariantGroup section */
		78B71E2A28D17068002003D9 /* Main.storyboard */ = {
			isa = PBXVariantGroup;
			children = (
				78B71E2B28D17068002003D9 /* Base */,
			);
			name = Main.storyboard;
			sourceTree = "<group>";
		};
		78B71E2F28D1706B002003D9 /* LaunchScreen.storyboard */ = {
			isa = PBXVariantGroup;
			children = (
				78B71E3028D1706B002003D9 /* Base */,
			);
			name = LaunchScreen.storyboard;
			sourceTree = "<group>";
		};
/* End PBXVariantGroup section */

/* Begin XCBuildConfiguration section */
		78B71E4928D1706C002003D9 /* Debug */ = {
			isa = XCBuildConfiguration;
			buildSettings = {
				ALWAYS_SEARCH_USER_PATHS = NO;
				CLANG_ANALYZER_NONNULL = YES;
				CLANG_ANALYZER_NUMBER_OBJECT_CONVERSION = YES_AGGRESSIVE;
				CLANG_CXX_LANGUAGE_STANDARD = "gnu++17";
				CLANG_ENABLE_MODULES = YES;
				CLANG_ENABLE_OBJC_ARC = YES;
				CLANG_ENABLE_OBJC_WEAK = YES;
				CLANG_WARN_BLOCK_CAPTURE_AUTORELEASING = YES;
				CLANG_WARN_BOOL_CONVERSION = YES;
				CLANG_WARN_COMMA = YES;
				CLANG_WARN_CONSTANT_CONVERSION = YES;
				CLANG_WARN_DEPRECATED_OBJC_IMPLEMENTATIONS = YES;
				CLANG_WARN_DIRECT_OBJC_ISA_USAGE = YES_ERROR;
				CLANG_WARN_DOCUMENTATION_COMMENTS = YES;
				CLANG_WARN_EMPTY_BODY = YES;
				CLANG_WARN_ENUM_CONVERSION = YES;
				CLANG_WARN_INFINITE_RECURSION = YES;
				CLANG_WARN_INT_CONVERSION = YES;
				CLANG_WARN_NON_LITERAL_NULL_CONVERSION = YES;
				CLANG_WARN_OBJC_IMPLICIT_RETAIN_SELF = YES;
				CLANG_WARN_OBJC_LITERAL_CONVERSION = YES;
				CLANG_WARN_OBJC_ROOT_CLASS = YES_ERROR;
				CLANG_WARN_QUOTED_INCLUDE_IN_FRAMEWORK_HEADER = YES;
				CLANG_WARN_RANGE_LOOP_ANALYSIS = YES;
				CLANG_WARN_STRICT_PROTOTYPES = YES;
				CLANG_WARN_SUSPICIOUS_MOVE = YES;
				CLANG_WARN_UNGUARDED_AVAILABILITY = YES_AGGRESSIVE;
				CLANG_WARN_UNREACHABLE_CODE = YES;
				CLANG_WARN__DUPLICATE_METHOD_MATCH = YES;
				COPY_PHASE_STRIP = NO;
				DEBUG_INFORMATION_FORMAT = dwarf;
				ENABLE_STRICT_OBJC_MSGSEND = YES;
				ENABLE_TESTABILITY = YES;
				GCC_C_LANGUAGE_STANDARD = gnu11;
				GCC_DYNAMIC_NO_PIC = NO;
				GCC_NO_COMMON_BLOCKS = YES;
				GCC_OPTIMIZATION_LEVEL = 0;
				GCC_PREPROCESSOR_DEFINITIONS = (
					"DEBUG=1",
					"$(inherited)",
				);
				GCC_WARN_64_TO_32_BIT_CONVERSION = YES;
				GCC_WARN_ABOUT_RETURN_TYPE = YES_ERROR;
				GCC_WARN_UNDECLARED_SELECTOR = YES;
				GCC_WARN_UNINITIALIZED_AUTOS = YES_AGGRESSIVE;
				GCC_WARN_UNUSED_FUNCTION = YES;
				GCC_WARN_UNUSED_VARIABLE = YES;
				IPHONEOS_DEPLOYMENT_TARGET = 15.5;
				MTL_ENABLE_DEBUG_INFO = INCLUDE_SOURCE;
				MTL_FAST_MATH = YES;
				ONLY_ACTIVE_ARCH = YES;
				SDKROOT = iphoneos;
				SWIFT_ACTIVE_COMPILATION_CONDITIONS = DEBUG;
				SWIFT_OPTIMIZATION_LEVEL = "-Onone";
			};
			name = Debug;
		};
		78B71E4A28D1706C002003D9 /* Release */ = {
			isa = XCBuildConfiguration;
			buildSettings = {
				ALWAYS_SEARCH_USER_PATHS = NO;
				CLANG_ANALYZER_NONNULL = YES;
				CLANG_ANALYZER_NUMBER_OBJECT_CONVERSION = YES_AGGRESSIVE;
				CLANG_CXX_LANGUAGE_STANDARD = "gnu++17";
				CLANG_ENABLE_MODULES = YES;
				CLANG_ENABLE_OBJC_ARC = YES;
				CLANG_ENABLE_OBJC_WEAK = YES;
				CLANG_WARN_BLOCK_CAPTURE_AUTORELEASING = YES;
				CLANG_WARN_BOOL_CONVERSION = YES;
				CLANG_WARN_COMMA = YES;
				CLANG_WARN_CONSTANT_CONVERSION = YES;
				CLANG_WARN_DEPRECATED_OBJC_IMPLEMENTATIONS = YES;
				CLANG_WARN_DIRECT_OBJC_ISA_USAGE = YES_ERROR;
				CLANG_WARN_DOCUMENTATION_COMMENTS = YES;
				CLANG_WARN_EMPTY_BODY = YES;
				CLANG_WARN_ENUM_CONVERSION = YES;
				CLANG_WARN_INFINITE_RECURSION = YES;
				CLANG_WARN_INT_CONVERSION = YES;
				CLANG_WARN_NON_LITERAL_NULL_CONVERSION = YES;
				CLANG_WARN_OBJC_IMPLICIT_RETAIN_SELF = YES;
				CLANG_WARN_OBJC_LITERAL_CONVERSION = YES;
				CLANG_WARN_OBJC_ROOT_CLASS = YES_ERROR;
				CLANG_WARN_QUOTED_INCLUDE_IN_FRAMEWORK_HEADER = YES;
				CLANG_WARN_RANGE_LOOP_ANALYSIS = YES;
				CLANG_WARN_STRICT_PROTOTYPES = YES;
				CLANG_WARN_SUSPICIOUS_MOVE = YES;
				CLANG_WARN_UNGUARDED_AVAILABILITY = YES_AGGRESSIVE;
				CLANG_WARN_UNREACHABLE_CODE = YES;
				CLANG_WARN__DUPLICATE_METHOD_MATCH = YES;
				COPY_PHASE_STRIP = NO;
				DEBUG_INFORMATION_FORMAT = "dwarf-with-dsym";
				ENABLE_NS_ASSERTIONS = NO;
				ENABLE_STRICT_OBJC_MSGSEND = YES;
				GCC_C_LANGUAGE_STANDARD = gnu11;
				GCC_NO_COMMON_BLOCKS = YES;
				GCC_WARN_64_TO_32_BIT_CONVERSION = YES;
				GCC_WARN_ABOUT_RETURN_TYPE = YES_ERROR;
				GCC_WARN_UNDECLARED_SELECTOR = YES;
				GCC_WARN_UNINITIALIZED_AUTOS = YES_AGGRESSIVE;
				GCC_WARN_UNUSED_FUNCTION = YES;
				GCC_WARN_UNUSED_VARIABLE = YES;
				IPHONEOS_DEPLOYMENT_TARGET = 15.5;
				MTL_ENABLE_DEBUG_INFO = NO;
				MTL_FAST_MATH = YES;
				SDKROOT = iphoneos;
				SWIFT_COMPILATION_MODE = wholemodule;
				SWIFT_OPTIMIZATION_LEVEL = "-O";
				VALIDATE_PRODUCT = YES;
			};
			name = Release;
		};
		78B71E4C28D1706C002003D9 /* Debug */ = {
			isa = XCBuildConfiguration;
			buildSettings = {
				ASSETCATALOG_COMPILER_APPICON_NAME = AppIcon;
				ASSETCATALOG_COMPILER_GLOBAL_ACCENT_COLOR_NAME = AccentColor;
				CODE_SIGN_STYLE = Automatic;
				CURRENT_PROJECT_VERSION = 1;
				GENERATE_INFOPLIST_FILE = YES;
				INFOPLIST_FILE = Flashcards/Info.plist;
				INFOPLIST_KEY_UIApplicationSupportsIndirectInputEvents = YES;
				INFOPLIST_KEY_UILaunchStoryboardName = LaunchScreen;
				INFOPLIST_KEY_UIMainStoryboardFile = Main;
				INFOPLIST_KEY_UISupportedInterfaceOrientations_iPad = "UIInterfaceOrientationPortrait UIInterfaceOrientationPortraitUpsideDown UIInterfaceOrientationLandscapeLeft UIInterfaceOrientationLandscapeRight";
				INFOPLIST_KEY_UISupportedInterfaceOrientations_iPhone = "UIInterfaceOrientationPortrait UIInterfaceOrientationLandscapeLeft UIInterfaceOrientationLandscapeRight";
				LD_RUNPATH_SEARCH_PATHS = (
					"$(inherited)",
					"@executable_path/Frameworks",
				);
				MARKETING_VERSION = 1.0;
				PRODUCT_BUNDLE_IDENTIFIER = com.Fred.Flashcards;
				PRODUCT_NAME = "$(TARGET_NAME)";
				SWIFT_EMIT_LOC_STRINGS = YES;
				SWIFT_VERSION = 5.0;
				TARGETED_DEVICE_FAMILY = "1,2";
			};
			name = Debug;
		};
		78B71E4D28D1706C002003D9 /* Release */ = {
			isa = XCBuildConfiguration;
			buildSettings = {
				ASSETCATALOG_COMPILER_APPICON_NAME = AppIcon;
				ASSETCATALOG_COMPILER_GLOBAL_ACCENT_COLOR_NAME = AccentColor;
				CODE_SIGN_STYLE = Automatic;
				CURRENT_PROJECT_VERSION = 1;
				GENERATE_INFOPLIST_FILE = YES;
				INFOPLIST_FILE = Flashcards/Info.plist;
				INFOPLIST_KEY_UIApplicationSupportsIndirectInputEvents = YES;
				INFOPLIST_KEY_UILaunchStoryboardName = LaunchScreen;
				INFOPLIST_KEY_UIMainStoryboardFile = Main;
				INFOPLIST_KEY_UISupportedInterfaceOrientations_iPad = "UIInterfaceOrientationPortrait UIInterfaceOrientationPortraitUpsideDown UIInterfaceOrientationLandscapeLeft UIInterfaceOrientationLandscapeRight";
				INFOPLIST_KEY_UISupportedInterfaceOrientations_iPhone = "UIInterfaceOrientationPortrait UIInterfaceOrientationLandscapeLeft UIInterfaceOrientationLandscapeRight";
				LD_RUNPATH_SEARCH_PATHS = (
					"$(inherited)",
					"@executable_path/Frameworks",
				);
				MARKETING_VERSION = 1.0;
				PRODUCT_BUNDLE_IDENTIFIER = com.Fred.Flashcards;
				PRODUCT_NAME = "$(TARGET_NAME)";
				SWIFT_EMIT_LOC_STRINGS = YES;
				SWIFT_VERSION = 5.0;
				TARGETED_DEVICE_FAMILY = "1,2";
			};
			name = Release;
		};
		78B71E4F28D1706C002003D9 /* Debug */ = {
			isa = XCBuildConfiguration;
			buildSettings = {
				ALWAYS_EMBED_SWIFT_STANDARD_LIBRARIES = YES;
				BUNDLE_LOADER = "$(TEST_HOST)";
				CODE_SIGN_STYLE = Automatic;
				CURRENT_PROJECT_VERSION = 1;
				GENERATE_INFOPLIST_FILE = YES;
				IPHONEOS_DEPLOYMENT_TARGET = 15.5;
				MARKETING_VERSION = 1.0;
				PRODUCT_BUNDLE_IDENTIFIER = com.Fred.FlashcardsTests;
				PRODUCT_NAME = "$(TARGET_NAME)";
				SWIFT_EMIT_LOC_STRINGS = NO;
				SWIFT_VERSION = 5.0;
				TARGETED_DEVICE_FAMILY = "1,2";
				TEST_HOST = "$(BUILT_PRODUCTS_DIR)/Flashcards.app/Flashcards";
			};
			name = Debug;
		};
		78B71E5028D1706C002003D9 /* Release */ = {
			isa = XCBuildConfiguration;
			buildSettings = {
				ALWAYS_EMBED_SWIFT_STANDARD_LIBRARIES = YES;
				BUNDLE_LOADER = "$(TEST_HOST)";
				CODE_SIGN_STYLE = Automatic;
				CURRENT_PROJECT_VERSION = 1;
				GENERATE_INFOPLIST_FILE = YES;
				IPHONEOS_DEPLOYMENT_TARGET = 15.5;
				MARKETING_VERSION = 1.0;
				PRODUCT_BUNDLE_IDENTIFIER = com.Fred.FlashcardsTests;
				PRODUCT_NAME = "$(TARGET_NAME)";
				SWIFT_EMIT_LOC_STRINGS = NO;
				SWIFT_VERSION = 5.0;
				TARGETED_DEVICE_FAMILY = "1,2";
				TEST_HOST = "$(BUILT_PRODUCTS_DIR)/Flashcards.app/Flashcards";
			};
			name = Release;
		};
		78B71E5228D1706C002003D9 /* Debug */ = {
			isa = XCBuildConfiguration;
			buildSettings = {
				ALWAYS_EMBED_SWIFT_STANDARD_LIBRARIES = YES;
				CODE_SIGN_STYLE = Automatic;
				CURRENT_PROJECT_VERSION = 1;
				GENERATE_INFOPLIST_FILE = YES;
				MARKETING_VERSION = 1.0;
				PRODUCT_BUNDLE_IDENTIFIER = com.Fred.FlashcardsUITests;
				PRODUCT_NAME = "$(TARGET_NAME)";
				SWIFT_EMIT_LOC_STRINGS = NO;
				SWIFT_VERSION = 5.0;
				TARGETED_DEVICE_FAMILY = "1,2";
				TEST_TARGET_NAME = Flashcards;
			};
			name = Debug;
		};
		78B71E5328D1706C002003D9 /* Release */ = {
			isa = XCBuildConfiguration;
			buildSettings = {
				ALWAYS_EMBED_SWIFT_STANDARD_LIBRARIES = YES;
				CODE_SIGN_STYLE = Automatic;
				CURRENT_PROJECT_VERSION = 1;
				GENERATE_INFOPLIST_FILE = YES;
				MARKETING_VERSION = 1.0;
				PRODUCT_BUNDLE_IDENTIFIER = com.Fred.FlashcardsUITests;
				PRODUCT_NAME = "$(TARGET_NAME)";
				SWIFT_EMIT_LOC_STRINGS = NO;
				SWIFT_VERSION = 5.0;
				TARGETED_DEVICE_FAMILY = "1,2";
				TEST_TARGET_NAME = Flashcards;
			};
			name = Release;
		};
/* End XCBuildConfiguration section */

/* Begin XCConfigurationList section */
		78B71E1C28D17068002003D9 /* Build configuration list for PBXProject "Flashcards" */ = {
			isa = XCConfigurationList;
			buildConfigurations = (
				78B71E4928D1706C002003D9 /* Debug */,
				78B71E4A28D1706C002003D9 /* Release */,
			);
			defaultConfigurationIsVisible = 0;
			defaultConfigurationName = Release;
		};
		78B71E4B28D1706C002003D9 /* Build configuration list for PBXNativeTarget "Flashcards" */ = {
			isa = XCConfigurationList;
			buildConfigurations = (
				78B71E4C28D1706C002003D9 /* Debug */,
				78B71E4D28D1706C002003D9 /* Release */,
			);
			defaultConfigurationIsVisible = 0;
			defaultConfigurationName = Release;
		};
		78B71E4E28D1706C002003D9 /* Build configuration list for PBXNativeTarget "FlashcardsTests" */ = {
			isa = XCConfigurationList;
			buildConfigurations = (
				78B71E4F28D1706C002003D9 /* Debug */,
				78B71E5028D1706C002003D9 /* Release */,
			);
			defaultConfigurationIsVisible = 0;
			defaultConfigurationName = Release;
		};
		78B71E5128D1706C002003D9 /* Build configuration list for PBXNativeTarget "FlashcardsUITests" */ = {
			isa = XCConfigurationList;
			buildConfigurations = (
				78B71E5228D1706C002003D9 /* Debug */,
				78B71E5328D1706C002003D9 /* Release */,
			);
			defaultConfigurationIsVisible = 0;
			defaultConfigurationName = Release;
		};
/* End XCConfigurationList section */
	};
	rootObject = 78B71E1928D17068002003D9 /* Project object */;
}
